
Microsoft Visual Studio Solution File, Format Version 12.00
# Visual Studio Version 17
VisualStudioVersion = 17.6.33829.357
MinimumVisualStudioVersion = 10.0.40219.1
Project("{9A19103F-16F7-4668-BE54-9A1E7A4F7556}") = "CompCompany1", ".\API\CompCompany1.csproj", "{5F4C2713-B03E-4247-8FEA-CD208968753B}"
EndProject
Project("{FAE04EC0-301F-11D3-BF4B-00C04F79EFBC}") = "CompCompanyClients1", ".\CompCompanyClients1\CompCompanyClients1.csproj", "{8DF966A6-158E-42BE-8EAD-55BD927BE2EC}"
EndProject
Global
	GlobalSection(SolutionConfigurationPlatforms) = preSolution
		Debug|Any CPU = Debug|Any CPU
		Release|Any CPU = Release|Any CPU
	EndGlobalSection
	GlobalSection(ProjectConfigurationPlatforms) = postSolution
		{5F4C2713-B03E-4247-8FEA-CD208968753B}.Debug|Any CPU.ActiveCfg = Debug|Any CPU
		{5F4C2713-B03E-4247-8FEA-CD208968753B}.Debug|Any CPU.Build.0 = Debug|Any CPU
		{5F4C2713-B03E-4247-8FEA-CD208968753B}.Release|Any CPU.ActiveCfg = Release|Any CPU
		{5F4C2713-B03E-4247-8FEA-CD208968753B}.Release|Any CPU.Build.0 = Release|Any CPU
		{8DF966A6-158E-42BE-8EAD-55BD927BE2EC}.Debug|Any CPU.ActiveCfg = Debug|Any CPU
		{8DF966A6-158E-42BE-8EAD-55BD927BE2EC}.Debug|Any CPU.Build.0 = Debug|Any CPU
		{8DF966A6-158E-42BE-8EAD-55BD927BE2EC}.Release|Any CPU.ActiveCfg = Release|Any CPU
		{8DF966A6-158E-42BE-8EAD-55BD927BE2EC}.Release|Any CPU.Build.0 = Release|Any CPU
	EndGlobalSection
	GlobalSection(SolutionProperties) = preSolution
		HideSolutionNode = FALSE
	EndGlobalSection
	GlobalSection(ExtensibilityGlobals) = postSolution
		SolutionGuid = {A572DDE3-BD71-448A-B786-80FDFEADBC4C}
	EndGlobalSection
EndGlobal
